
Microsoft Visual Studio Solution File, Format Version 12.00
# Visual Studio Version 17
VisualStudioVersion = 17.10.34928.147
MinimumVisualStudioVersion = 10.0.40219.1
Project("{FAE04EC0-301F-11D3-BF4B-00C04F79EFBC}") = "HWExeption", "HWExeption\HWExeption.csproj", "{409A5DE0-1155-47EC-A831-D13D69DF6C5C}"
EndProject
Global
	GlobalSection(SolutionConfigurationPlatforms) = preSolution
		Debug|Any CPU = Debug|Any CPU
		Release|Any CPU = Release|Any CPU
	EndGlobalSection
	GlobalSection(ProjectConfigurationPlatforms) = postSolution
		{409A5DE0-1155-47EC-A831-D13D69DF6C5C}.Debug|Any CPU.ActiveCfg = Debug|Any CPU
		{409A5DE0-1155-47EC-A831-D13D69DF6C5C}.Debug|Any CPU.Build.0 = Debug|Any CPU
		{409A5DE0-1155-47EC-A831-D13D69DF6C5C}.Release|Any CPU.ActiveCfg = Release|Any CPU
		{409A5DE0-1155-47EC-A831-D13D69DF6C5C}.Release|Any CPU.Build.0 = Release|Any CPU
	EndGlobalSection
	GlobalSection(SolutionProperties) = preSolution
		HideSolutionNode = FALSE
	EndGlobalSection
	GlobalSection(ExtensibilityGlobals) = postSolution
		SolutionGuid = {591720C0-8196-4A34-8D37-1E518A0CA462}
	EndGlobalSection
EndGlobal
